// !$*UTF8*$!
{
	archiveVersion = 1;
	classes = {
	};
	objectVersion = 56;
	objects = {

/* Begin PBXBuildFile section */
		201DAF822A02DEED00611E01 /* NewsApp_SwiftUIApp.swift in Sources */ = {isa = PBXBuildFile; fileRef = 201DAF812A02DEED00611E01 /* NewsApp_SwiftUIApp.swift */; };
		201DAF842A02DEED00611E01 /* ContentView.swift in Sources */ = {isa = PBXBuildFile; fileRef = 201DAF832A02DEED00611E01 /* ContentView.swift */; };
		201DAF862A02DEEE00611E01 /* Assets.xcassets in Resources */ = {isa = PBXBuildFile; fileRef = 201DAF852A02DEEE00611E01 /* Assets.xcassets */; };
		201DAF892A02DEEE00611E01 /* Preview Assets.xcassets in Resources */ = {isa = PBXBuildFile; fileRef = 201DAF882A02DEEE00611E01 /* Preview Assets.xcassets */; };
		201DAF8B2A02DEEE00611E01 /* Persistence.swift in Sources */ = {isa = PBXBuildFile; fileRef = 201DAF8A2A02DEEE00611E01 /* Persistence.swift */; };
		201DAF8E2A02DEEE00611E01 /* NewsApp_SwiftUI.xcdatamodeld in Sources */ = {isa = PBXBuildFile; fileRef = 201DAF8C2A02DEEE00611E01 /* NewsApp_SwiftUI.xcdatamodeld */; };
		201DC5132A02E93900C942E1 /* News.swift in Sources */ = {isa = PBXBuildFile; fileRef = 201DC5122A02E93900C942E1 /* News.swift */; };
		207ECC972A02E37000FF9D1F /* TitleAndImageView.swift in Sources */ = {isa = PBXBuildFile; fileRef = 207ECC962A02E37000FF9D1F /* TitleAndImageView.swift */; };
		207ECC992A02E39900FF9D1F /* DateView.swift in Sources */ = {isa = PBXBuildFile; fileRef = 207ECC982A02E39900FF9D1F /* DateView.swift */; };
		207ECC9B2A02E3D100FF9D1F /* DataManager.swift in Sources */ = {isa = PBXBuildFile; fileRef = 207ECC9A2A02E3D100FF9D1F /* DataManager.swift */; };
		207ECC9D2A02E3EA00FF9D1F /* NetworkManager.swift in Sources */ = {isa = PBXBuildFile; fileRef = 207ECC9C2A02E3EA00FF9D1F /* NetworkManager.swift */; };
		207ECC9F2A02E43A00FF9D1F /* FavoritesNewsView.swift in Sources */ = {isa = PBXBuildFile; fileRef = 207ECC9E2A02E43A00FF9D1F /* FavoritesNewsView.swift */; };
		207ECCA12A02E45C00FF9D1F /* NewsView.swift in Sources */ = {isa = PBXBuildFile; fileRef = 207ECCA02A02E45C00FF9D1F /* NewsView.swift */; };
/* End PBXBuildFile section */

/* Begin PBXFileReference section */
		201DAF7E2A02DEED00611E01 /* NewsApp_SwiftUI.app */ = {isa = PBXFileReference; explicitFileType = wrapper.application; includeInIndex = 0; path = NewsApp_SwiftUI.app; sourceTree = BUILT_PRODUCTS_DIR; };
		201DAF812A02DEED00611E01 /* NewsApp_SwiftUIApp.swift */ = {isa = PBXFileReference; lastKnownFileType = sourcecode.swift; path = NewsApp_SwiftUIApp.swift; sourceTree = "<group>"; };
		201DAF832A02DEED00611E01 /* ContentView.swift */ = {isa = PBXFileReference; lastKnownFileType = sourcecode.swift; path = ContentView.swift; sourceTree = "<group>"; };
		201DAF852A02DEEE00611E01 /* Assets.xcassets */ = {isa = PBXFileReference; lastKnownFileType = folder.assetcatalog; path = Assets.xcassets; sourceTree = "<group>"; };
		201DAF882A02DEEE00611E01 /* Preview Assets.xcassets */ = {isa = PBXFileReference; lastKnownFileType = folder.assetcatalog; path = "Preview Assets.xcassets"; sourceTree = "<group>"; };
		201DAF8A2A02DEEE00611E01 /* Persistence.swift */ = {isa = PBXFileReference; lastKnownFileType = sourcecode.swift; path = Persistence.swift; sourceTree = "<group>"; };
		201DAF8D2A02DEEE00611E01 /* NewsApp_SwiftUI.xcdatamodel */ = {isa = PBXFileReference; lastKnownFileType = wrapper.xcdatamodel; path = NewsApp_SwiftUI.xcdatamodel; sourceTree = "<group>"; };
		201DC5122A02E93900C942E1 /* News.swift */ = {isa = PBXFileReference; lastKnownFileType = sourcecode.swift; path = News.swift; sourceTree = "<group>"; };
		207ECC962A02E37000FF9D1F /* TitleAndImageView.swift */ = {isa = PBXFileReference; lastKnownFileType = sourcecode.swift; path = TitleAndImageView.swift; sourceTree = "<group>"; };
		207ECC982A02E39900FF9D1F /* DateView.swift */ = {isa = PBXFileReference; lastKnownFileType = sourcecode.swift; path = DateView.swift; sourceTree = "<group>"; };
		207ECC9A2A02E3D100FF9D1F /* DataManager.swift */ = {isa = PBXFileReference; lastKnownFileType = sourcecode.swift; path = DataManager.swift; sourceTree = "<group>"; };
		207ECC9C2A02E3EA00FF9D1F /* NetworkManager.swift */ = {isa = PBXFileReference; lastKnownFileType = sourcecode.swift; path = NetworkManager.swift; sourceTree = "<group>"; };
		207ECC9E2A02E43A00FF9D1F /* FavoritesNewsView.swift */ = {isa = PBXFileReference; lastKnownFileType = sourcecode.swift; path = FavoritesNewsView.swift; sourceTree = "<group>"; };
		207ECCA02A02E45C00FF9D1F /* NewsView.swift */ = {isa = PBXFileReference; lastKnownFileType = sourcecode.swift; path = NewsView.swift; sourceTree = "<group>"; };
/* End PBXFileReference section */

/* Begin PBXFrameworksBuildPhase section */
		201DAF7B2A02DEED00611E01 /* Frameworks */ = {
			isa = PBXFrameworksBuildPhase;
			buildActionMask = 2147483647;
			files = (
			);
			runOnlyForDeploymentPostprocessing = 0;
		};
/* End PBXFrameworksBuildPhase section */

/* Begin PBXGroup section */
		201DAF752A02DEED00611E01 = {
			isa = PBXGroup;
			children = (
				201DAF802A02DEED00611E01 /* NewsApp_SwiftUI */,
				201DAF7F2A02DEED00611E01 /* Products */,
			);
			sourceTree = "<group>";
		};
		201DAF7F2A02DEED00611E01 /* Products */ = {
			isa = PBXGroup;
			children = (
				201DAF7E2A02DEED00611E01 /* NewsApp_SwiftUI.app */,
			);
			name = Products;
			sourceTree = "<group>";
		};
		201DAF802A02DEED00611E01 /* NewsApp_SwiftUI */ = {
			isa = PBXGroup;
			children = (
				201DAF812A02DEED00611E01 /* NewsApp_SwiftUIApp.swift */,
				201DC50F2A02E8A100C942E1 /* Services */,
				201DC5112A02E8F200C942E1 /* Model */,
				201DC5102A02E8B700C942E1 /* View */,
				201DAF852A02DEEE00611E01 /* Assets.xcassets */,
				201DAF8A2A02DEEE00611E01 /* Persistence.swift */,
				201DAF8C2A02DEEE00611E01 /* NewsApp_SwiftUI.xcdatamodeld */,
				201DAF872A02DEEE00611E01 /* Preview Content */,
			);
			path = NewsApp_SwiftUI;
			sourceTree = "<group>";
		};
		201DAF872A02DEEE00611E01 /* Preview Content */ = {
			isa = PBXGroup;
			children = (
				201DAF882A02DEEE00611E01 /* Preview Assets.xcassets */,
			);
			path = "Preview Content";
			sourceTree = "<group>";
		};
		201DC50F2A02E8A100C942E1 /* Services */ = {
			isa = PBXGroup;
			children = (
				207ECC9A2A02E3D100FF9D1F /* DataManager.swift */,
				207ECC9C2A02E3EA00FF9D1F /* NetworkManager.swift */,
			);
			path = Services;
			sourceTree = "<group>";
		};
		201DC5102A02E8B700C942E1 /* View */ = {
			isa = PBXGroup;
			children = (
				201DAF832A02DEED00611E01 /* ContentView.swift */,
				207ECCA02A02E45C00FF9D1F /* NewsView.swift */,
				207ECC9E2A02E43A00FF9D1F /* FavoritesNewsView.swift */,
				207ECC952A02E35900FF9D1F /* Subviews */,
			);
			path = View;
			sourceTree = "<group>";
		};
		201DC5112A02E8F200C942E1 /* Model */ = {
			isa = PBXGroup;
			children = (
				201DC5122A02E93900C942E1 /* News.swift */,
			);
			path = Model;
			sourceTree = "<group>";
		};
		207ECC952A02E35900FF9D1F /* Subviews */ = {
			isa = PBXGroup;
			children = (
				207ECC962A02E37000FF9D1F /* TitleAndImageView.swift */,
				207ECC982A02E39900FF9D1F /* DateView.swift */,
			);
			path = Subviews;
			sourceTree = "<group>";
		};
/* End PBXGroup section */

/* Begin PBXNativeTarget section */
		201DAF7D2A02DEED00611E01 /* NewsApp_SwiftUI */ = {
			isa = PBXNativeTarget;
			buildConfigurationList = 201DAF912A02DEEE00611E01 /* Build configuration list for PBXNativeTarget "NewsApp_SwiftUI" */;
			buildPhases = (
				201DAF7A2A02DEED00611E01 /* Sources */,
				201DAF7B2A02DEED00611E01 /* Frameworks */,
				201DAF7C2A02DEED00611E01 /* Resources */,
			);
			buildRules = (
			);
			dependencies = (
			);
			name = NewsApp_SwiftUI;
			productName = NewsApp_SwiftUI;
			productReference = 201DAF7E2A02DEED00611E01 /* NewsApp_SwiftUI.app */;
			productType = "com.apple.product-type.application";
		};
/* End PBXNativeTarget section */

/* Begin PBXProject section */
		201DAF762A02DEED00611E01 /* Project object */ = {
			isa = PBXProject;
			attributes = {
				BuildIndependentTargetsInParallel = 1;
				LastSwiftUpdateCheck = 1420;
				LastUpgradeCheck = 1420;
				TargetAttributes = {
					201DAF7D2A02DEED00611E01 = {
						CreatedOnToolsVersion = 14.2;
					};
				};
			};
			buildConfigurationList = 201DAF792A02DEED00611E01 /* Build configuration list for PBXProject "NewsApp_SwiftUI" */;
			compatibilityVersion = "Xcode 14.0";
			developmentRegion = en;
			hasScannedForEncodings = 0;
			knownRegions = (
				en,
				Base,
			);
			mainGroup = 201DAF752A02DEED00611E01;
			productRefGroup = 201DAF7F2A02DEED00611E01 /* Products */;
			projectDirPath = "";
			projectRoot = "";
			targets = (
				201DAF7D2A02DEED00611E01 /* NewsApp_SwiftUI */,
			);
		};
/* End PBXProject section */

/* Begin PBXResourcesBuildPhase section */
		201DAF7C2A02DEED00611E01 /* Resources */ = {
			isa = PBXResourcesBuildPhase;
			buildActionMask = 2147483647;
			files = (
				201DAF892A02DEEE00611E01 /* Preview Assets.xcassets in Resources */,
				201DAF862A02DEEE00611E01 /* Assets.xcassets in Resources */,
			);
			runOnlyForDeploymentPostprocessing = 0;
		};
/* End PBXResourcesBuildPhase section */

/* Begin PBXSourcesBuildPhase section */
		201DAF7A2A02DEED00611E01 /* Sources */ = {
			isa = PBXSourcesBuildPhase;
			buildActionMask = 2147483647;
			files = (
				207ECC992A02E39900FF9D1F /* DateView.swift in Sources */,
				201DAF8E2A02DEEE00611E01 /* NewsApp_SwiftUI.xcdatamodeld in Sources */,
				207ECC972A02E37000FF9D1F /* TitleAndImageView.swift in Sources */,
				207ECCA12A02E45C00FF9D1F /* NewsView.swift in Sources */,
				207ECC9B2A02E3D100FF9D1F /* DataManager.swift in Sources */,
				207ECC9F2A02E43A00FF9D1F /* FavoritesNewsView.swift in Sources */,
				201DC5132A02E93900C942E1 /* News.swift in Sources */,
				207ECC9D2A02E3EA00FF9D1F /* NetworkManager.swift in Sources */,
				201DAF8B2A02DEEE00611E01 /* Persistence.swift in Sources */,
				201DAF842A02DEED00611E01 /* ContentView.swift in Sources */,
				201DAF822A02DEED00611E01 /* NewsApp_SwiftUIApp.swift in Sources */,
			);
			runOnlyForDeploymentPostprocessing = 0;
		};
/* End PBXSourcesBuildPhase section */

/* Begin XCBuildConfiguration section */
		201DAF8F2A02DEEE00611E01 /* Debug */ = {
			isa = XCBuildConfiguration;
			buildSettings = {
				ALWAYS_SEARCH_USER_PATHS = NO;
				CLANG_ANALYZER_NONNULL = YES;
				CLANG_ANALYZER_NUMBER_OBJECT_CONVERSION = YES_AGGRESSIVE;
				CLANG_CXX_LANGUAGE_STANDARD = "gnu++20";
				CLANG_ENABLE_MODULES = YES;
				CLANG_ENABLE_OBJC_ARC = YES;
				CLANG_ENABLE_OBJC_WEAK = YES;
				CLANG_WARN_BLOCK_CAPTURE_AUTORELEASING = YES;
				CLANG_WARN_BOOL_CONVERSION = YES;
				CLANG_WARN_COMMA = YES;
				CLANG_WARN_CONSTANT_CONVERSION = YES;
				CLANG_WARN_DEPRECATED_OBJC_IMPLEMENTATIONS = YES;
				CLANG_WARN_DIRECT_OBJC_ISA_USAGE = YES_ERROR;
				CLANG_WARN_DOCUMENTATION_COMMENTS = YES;
				CLANG_WARN_EMPTY_BODY = YES;
				CLANG_WARN_ENUM_CONVERSION = YES;
				CLANG_WARN_INFINITE_RECURSION = YES;
				CLANG_WARN_INT_CONVERSION = YES;
				CLANG_WARN_NON_LITERAL_NULL_CONVERSION = YES;
				CLANG_WARN_OBJC_IMPLICIT_RETAIN_SELF = YES;
				CLANG_WARN_OBJC_LITERAL_CONVERSION = YES;
				CLANG_WARN_OBJC_ROOT_CLASS = YES_ERROR;
				CLANG_WARN_QUOTED_INCLUDE_IN_FRAMEWORK_HEADER = YES;
				CLANG_WARN_RANGE_LOOP_ANALYSIS = YES;
				CLANG_WARN_STRICT_PROTOTYPES = YES;
				CLANG_WARN_SUSPICIOUS_MOVE = YES;
				CLANG_WARN_UNGUARDED_AVAILABILITY = YES_AGGRESSIVE;
				CLANG_WARN_UNREACHABLE_CODE = YES;
				CLANG_WARN__DUPLICATE_METHOD_MATCH = YES;
				COPY_PHASE_STRIP = NO;
				DEBUG_INFORMATION_FORMAT = dwarf;
				ENABLE_STRICT_OBJC_MSGSEND = YES;
				ENABLE_TESTABILITY = YES;
				GCC_C_LANGUAGE_STANDARD = gnu11;
				GCC_DYNAMIC_NO_PIC = NO;
				GCC_NO_COMMON_BLOCKS = YES;
				GCC_OPTIMIZATION_LEVEL = 0;
				GCC_PREPROCESSOR_DEFINITIONS = (
					"DEBUG=1",
					"$(inherited)",
				);
				GCC_WARN_64_TO_32_BIT_CONVERSION = YES;
				GCC_WARN_ABOUT_RETURN_TYPE = YES_ERROR;
				GCC_WARN_UNDECLARED_SELECTOR = YES;
				GCC_WARN_UNINITIALIZED_AUTOS = YES_AGGRESSIVE;
				GCC_WARN_UNUSED_FUNCTION = YES;
				GCC_WARN_UNUSED_VARIABLE = YES;
				IPHONEOS_DEPLOYMENT_TARGET = 16.2;
				MTL_ENABLE_DEBUG_INFO = INCLUDE_SOURCE;
				MTL_FAST_MATH = YES;
				ONLY_ACTIVE_ARCH = YES;
				SDKROOT = iphoneos;
				SWIFT_ACTIVE_COMPILATION_CONDITIONS = DEBUG;
				SWIFT_OPTIMIZATION_LEVEL = "-Onone";
			};
			name = Debug;
		};
		201DAF902A02DEEE00611E01 /* Release */ = {
			isa = XCBuildConfiguration;
			buildSettings = {
				ALWAYS_SEARCH_USER_PATHS = NO;
				CLANG_ANALYZER_NONNULL = YES;
				CLANG_ANALYZER_NUMBER_OBJECT_CONVERSION = YES_AGGRESSIVE;
				CLANG_CXX_LANGUAGE_STANDARD = "gnu++20";
				CLANG_ENABLE_MODULES = YES;
				CLANG_ENABLE_OBJC_ARC = YES;
				CLANG_ENABLE_OBJC_WEAK = YES;
				CLANG_WARN_BLOCK_CAPTURE_AUTORELEASING = YES;
				CLANG_WARN_BOOL_CONVERSION = YES;
				CLANG_WARN_COMMA = YES;
				CLANG_WARN_CONSTANT_CONVERSION = YES;
				CLANG_WARN_DEPRECATED_OBJC_IMPLEMENTATIONS = YES;
				CLANG_WARN_DIRECT_OBJC_ISA_USAGE = YES_ERROR;
				CLANG_WARN_DOCUMENTATION_COMMENTS = YES;
				CLANG_WARN_EMPTY_BODY = YES;
				CLANG_WARN_ENUM_CONVERSION = YES;
				CLANG_WARN_INFINITE_RECURSION = YES;
				CLANG_WARN_INT_CONVERSION = YES;
				CLANG_WARN_NON_LITERAL_NULL_CONVERSION = YES;
				CLANG_WARN_OBJC_IMPLICIT_RETAIN_SELF = YES;
				CLANG_WARN_OBJC_LITERAL_CONVERSION = YES;
				CLANG_WARN_OBJC_ROOT_CLASS = YES_ERROR;
				CLANG_WARN_QUOTED_INCLUDE_IN_FRAMEWORK_HEADER = YES;
				CLANG_WARN_RANGE_LOOP_ANALYSIS = YES;
				CLANG_WARN_STRICT_PROTOTYPES = YES;
				CLANG_WARN_SUSPICIOUS_MOVE = YES;
				CLANG_WARN_UNGUARDED_AVAILABILITY = YES_AGGRESSIVE;
				CLANG_WARN_UNREACHABLE_CODE = YES;
				CLANG_WARN__DUPLICATE_METHOD_MATCH = YES;
				COPY_PHASE_STRIP = NO;
				DEBUG_INFORMATION_FORMAT = "dwarf-with-dsym";
				ENABLE_NS_ASSERTIONS = NO;
				ENABLE_STRICT_OBJC_MSGSEND = YES;
				GCC_C_LANGUAGE_STANDARD = gnu11;
				GCC_NO_COMMON_BLOCKS = YES;
				GCC_WARN_64_TO_32_BIT_CONVERSION = YES;
				GCC_WARN_ABOUT_RETURN_TYPE = YES_ERROR;
				GCC_WARN_UNDECLARED_SELECTOR = YES;
				GCC_WARN_UNINITIALIZED_AUTOS = YES_AGGRESSIVE;
				GCC_WARN_UNUSED_FUNCTION = YES;
				GCC_WARN_UNUSED_VARIABLE = YES;
				IPHONEOS_DEPLOYMENT_TARGET = 16.2;
				MTL_ENABLE_DEBUG_INFO = NO;
				MTL_FAST_MATH = YES;
				SDKROOT = iphoneos;
				SWIFT_COMPILATION_MODE = wholemodule;
				SWIFT_OPTIMIZATION_LEVEL = "-O";
				VALIDATE_PRODUCT = YES;
			};
			name = Release;
		};
		201DAF922A02DEEE00611E01 /* Debug */ = {
			isa = XCBuildConfiguration;
			buildSettings = {
				ASSETCATALOG_COMPILER_APPICON_NAME = AppIcon;
				ASSETCATALOG_COMPILER_GLOBAL_ACCENT_COLOR_NAME = AccentColor;
				CODE_SIGN_STYLE = Automatic;
				CURRENT_PROJECT_VERSION = 1;
				DEVELOPMENT_ASSET_PATHS = "\"NewsApp_SwiftUI/Preview Content\"";
				DEVELOPMENT_TEAM = 52CHWJ7645;
				ENABLE_PREVIEWS = YES;
				GENERATE_INFOPLIST_FILE = YES;
				INFOPLIST_KEY_UIApplicationSceneManifest_Generation = YES;
				INFOPLIST_KEY_UIApplicationSupportsIndirectInputEvents = YES;
				INFOPLIST_KEY_UILaunchScreen_Generation = YES;
				INFOPLIST_KEY_UISupportedInterfaceOrientations_iPad = "UIInterfaceOrientationPortrait UIInterfaceOrientationPortraitUpsideDown UIInterfaceOrientationLandscapeLeft UIInterfaceOrientationLandscapeRight";
				INFOPLIST_KEY_UISupportedInterfaceOrientations_iPhone = "UIInterfaceOrientationPortrait UIInterfaceOrientationLandscapeLeft UIInterfaceOrientationLandscapeRight";
				LD_RUNPATH_SEARCH_PATHS = (
					"$(inherited)",
					"@executable_path/Frameworks",
				);
				MARKETING_VERSION = 1.0;
				PRODUCT_BUNDLE_IDENTIFIER = "-.NewsApp-SwiftUI";
				PRODUCT_NAME = "$(TARGET_NAME)";
				SWIFT_EMIT_LOC_STRINGS = YES;
				SWIFT_VERSION = 5.0;
				TARGETED_DEVICE_FAMILY = "1,2";
			};
			name = Debug;
		};
		201DAF932A02DEEE00611E01 /* Release */ = {
			isa = XCBuildConfiguration;
			buildSettings = {
				ASSETCATALOG_COMPILER_APPICON_NAME = AppIcon;
				ASSETCATALOG_COMPILER_GLOBAL_ACCENT_COLOR_NAME = AccentColor;
				CODE_SIGN_STYLE = Automatic;
				CURRENT_PROJECT_VERSION = 1;
				DEVELOPMENT_ASSET_PATHS = "\"NewsApp_SwiftUI/Preview Content\"";
				DEVELOPMENT_TEAM = 52CHWJ7645;
				ENABLE_PREVIEWS = YES;
				GENERATE_INFOPLIST_FILE = YES;
				INFOPLIST_KEY_UIApplicationSceneManifest_Generation = YES;
				INFOPLIST_KEY_UIApplicationSupportsIndirectInputEvents = YES;
				INFOPLIST_KEY_UILaunchScreen_Generation = YES;
				INFOPLIST_KEY_UISupportedInterfaceOrientations_iPad = "UIInterfaceOrientationPortrait UIInterfaceOrientationPortraitUpsideDown UIInterfaceOrientationLandscapeLeft UIInterfaceOrientationLandscapeRight";
				INFOPLIST_KEY_UISupportedInterfaceOrientations_iPhone = "UIInterfaceOrientationPortrait UIInterfaceOrientationLandscapeLeft UIInterfaceOrientationLandscapeRight";
				LD_RUNPATH_SEARCH_PATHS = (
					"$(inherited)",
					"@executable_path/Frameworks",
				);
				MARKETING_VERSION = 1.0;
				PRODUCT_BUNDLE_IDENTIFIER = "-.NewsApp-SwiftUI";
				PRODUCT_NAME = "$(TARGET_NAME)";
				SWIFT_EMIT_LOC_STRINGS = YES;
				SWIFT_VERSION = 5.0;
				TARGETED_DEVICE_FAMILY = "1,2";
			};
			name = Release;
		};
/* End XCBuildConfiguration section */

/* Begin XCConfigurationList section */
		201DAF792A02DEED00611E01 /* Build configuration list for PBXProject "NewsApp_SwiftUI" */ = {
			isa = XCConfigurationList;
			buildConfigurations = (
				201DAF8F2A02DEEE00611E01 /* Debug */,
				201DAF902A02DEEE00611E01 /* Release */,
			);
			defaultConfigurationIsVisible = 0;
			defaultConfigurationName = Release;
		};
		201DAF912A02DEEE00611E01 /* Build configuration list for PBXNativeTarget "NewsApp_SwiftUI" */ = {
			isa = XCConfigurationList;
			buildConfigurations = (
				201DAF922A02DEEE00611E01 /* Debug */,
				201DAF932A02DEEE00611E01 /* Release */,
			);
			defaultConfigurationIsVisible = 0;
			defaultConfigurationName = Release;
		};
/* End XCConfigurationList section */

/* Begin XCVersionGroup section */
		201DAF8C2A02DEEE00611E01 /* NewsApp_SwiftUI.xcdatamodeld */ = {
			isa = XCVersionGroup;
			children = (
				201DAF8D2A02DEEE00611E01 /* NewsApp_SwiftUI.xcdatamodel */,
			);
			currentVersion = 201DAF8D2A02DEEE00611E01 /* NewsApp_SwiftUI.xcdatamodel */;
			path = NewsApp_SwiftUI.xcdatamodeld;
			sourceTree = "<group>";
			versionGroupType = wrapper.xcdatamodel;
		};
/* End XCVersionGroup section */
	};
	rootObject = 201DAF762A02DEED00611E01 /* Project object */;
}
